// !$*UTF8*$!
{
	archiveVersion = 1;
	classes = {
	};
	objectVersion = 77;
	objects = {

/* Begin PBXContainerItemProxy section */
		66A2FC2E2E486CFB00C2BC8E /* PBXContainerItemProxy */ = {
			isa = PBXContainerItemProxy;
			containerPortal = 66A2FC182E486CFB00C2BC8E /* Project object */;
			proxyType = 1;
			remoteGlobalIDString = 66A2FC1F2E486CFB00C2BC8E;
			remoteInfo = LessGo;
		};
		66A2FC382E486CFB00C2BC8E /* PBXContainerItemProxy */ = {
			isa = PBXContainerItemProxy;
			containerPortal = 66A2FC182E486CFB00C2BC8E /* Project object */;
			proxyType = 1;
			remoteGlobalIDString = 66A2FC1F2E486CFB00C2BC8E;
			remoteInfo = LessGo;
		};
/* End PBXContainerItemProxy section */

/* Begin PBXFileReference section */
		66A2FC202E486CFB00C2BC8E /* LessGo.app */ = {isa = PBXFileReference; explicitFileType = wrapper.application; includeInIndex = 0; path = LessGo.app; sourceTree = BUILT_PRODUCTS_DIR; };
		66A2FC2D2E486CFB00C2BC8E /* LessGoTests.xctest */ = {isa = PBXFileReference; explicitFileType = wrapper.cfbundle; includeInIndex = 0; path = LessGoTests.xctest; sourceTree = BUILT_PRODUCTS_DIR; };
		66A2FC372E486CFB00C2BC8E /* LessGoUITests.xctest */ = {isa = PBXFileReference; explicitFileType = wrapper.cfbundle; includeInIndex = 0; path = LessGoUITests.xctest; sourceTree = BUILT_PRODUCTS_DIR; };
/* End PBXFileReference section */

/* Begin PBXFileSystemSynchronizedRootGroup section */
		66A2FC222E486CFB00C2BC8E /* LessGo */ = {
			isa = PBXFileSystemSynchronizedRootGroup;
			path = LessGo;
			sourceTree = "<group>";
		};
		66A2FC302E486CFB00C2BC8E /* LessGoTests */ = {
			isa = PBXFileSystemSynchronizedRootGroup;
			path = LessGoTests;
			sourceTree = "<group>";
		};
		66A2FC3A2E486CFB00C2BC8E /* LessGoUITests */ = {
			isa = PBXFileSystemSynchronizedRootGroup;
			path = LessGoUITests;
			sourceTree = "<group>";
		};
/* End PBXFileSystemSynchronizedRootGroup section */

/* Begin PBXFrameworksBuildPhase section */
		66A2FC1D2E486CFB00C2BC8E /* Frameworks */ = {
			isa = PBXFrameworksBuildPhase;
			buildActionMask = 2147483647;
			files = (
			);
			runOnlyForDeploymentPostprocessing = 0;
		};
		66A2FC2A2E486CFB00C2BC8E /* Frameworks */ = {
			isa = PBXFrameworksBuildPhase;
			buildActionMask = 2147483647;
			files = (
			);
			runOnlyForDeploymentPostprocessing = 0;
		};
		66A2FC342E486CFB00C2BC8E /* Frameworks */ = {
			isa = PBXFrameworksBuildPhase;
			buildActionMask = 2147483647;
			files = (
			);
			runOnlyForDeploymentPostprocessing = 0;
		};
/* End PBXFrameworksBuildPhase section */

/* Begin PBXGroup section */
		66A2FC172E486CFB00C2BC8E = {
			isa = PBXGroup;
			children = (
				66A2FC222E486CFB00C2BC8E /* LessGo */,
				66A2FC302E486CFB00C2BC8E /* LessGoTests */,
				66A2FC3A2E486CFB00C2BC8E /* LessGoUITests */,
				66A2FC212E486CFB00C2BC8E /* Products */,
			);
			sourceTree = "<group>";
		};
		66A2FC212E486CFB00C2BC8E /* Products */ = {
			isa = PBXGroup;
			children = (
				66A2FC202E486CFB00C2BC8E /* LessGo.app */,
				66A2FC2D2E486CFB00C2BC8E /* LessGoTests.xctest */,
				66A2FC372E486CFB00C2BC8E /* LessGoUITests.xctest */,
			);
			name = Products;
			sourceTree = "<group>";
		};
/* End PBXGroup section */

/* Begin PBXNativeTarget section */
		66A2FC1F2E486CFB00C2BC8E /* LessGo */ = {
			isa = PBXNativeTarget;
			buildConfigurationList = 66A2FC412E486CFB00C2BC8E /* Build configuration list for PBXNativeTarget "LessGo" */;
			buildPhases = (
				66A2FC1C2E486CFB00C2BC8E /* Sources */,
				66A2FC1D2E486CFB00C2BC8E /* Frameworks */,
				66A2FC1E2E486CFB00C2BC8E /* Resources */,
			);
			buildRules = (
			);
			dependencies = (
			);
			fileSystemSynchronizedGroups = (
				66A2FC222E486CFB00C2BC8E /* LessGo */,
			);
			name = LessGo;
			packageProductDependencies = (
			);
			productName = LessGo;
			productReference = 66A2FC202E486CFB00C2BC8E /* LessGo.app */;
			productType = "com.apple.product-type.application";
		};
		66A2FC2C2E486CFB00C2BC8E /* LessGoTests */ = {
			isa = PBXNativeTarget;
			buildConfigurationList = 66A2FC442E486CFB00C2BC8E /* Build configuration list for PBXNativeTarget "LessGoTests" */;
			buildPhases = (
				66A2FC292E486CFB00C2BC8E /* Sources */,
				66A2FC2A2E486CFB00C2BC8E /* Frameworks */,
				66A2FC2B2E486CFB00C2BC8E /* Resources */,
			);
			buildRules = (
			);
			dependencies = (
				66A2FC2F2E486CFB00C2BC8E /* PBXTargetDependency */,
			);
			fileSystemSynchronizedGroups = (
				66A2FC302E486CFB00C2BC8E /* LessGoTests */,
			);
			name = LessGoTests;
			packageProductDependencies = (
			);
			productName = LessGoTests;
			productReference = 66A2FC2D2E486CFB00C2BC8E /* LessGoTests.xctest */;
			productType = "com.apple.product-type.bundle.unit-test";
		};
		66A2FC362E486CFB00C2BC8E /* LessGoUITests */ = {
			isa = PBXNativeTarget;
			buildConfigurationList = 66A2FC472E486CFB00C2BC8E /* Build configuration list for PBXNativeTarget "LessGoUITests" */;
			buildPhases = (
				66A2FC332E486CFB00C2BC8E /* Sources */,
				66A2FC342E486CFB00C2BC8E /* Frameworks */,
				66A2FC352E486CFB00C2BC8E /* Resources */,
			);
			buildRules = (
			);
			dependencies = (
				66A2FC392E486CFB00C2BC8E /* PBXTargetDependency */,
			);
			fileSystemSynchronizedGroups = (
				66A2FC3A2E486CFB00C2BC8E /* LessGoUITests */,
			);
			name = LessGoUITests;
			packageProductDependencies = (
			);
			productName = LessGoUITests;
			productReference = 66A2FC372E486CFB00C2BC8E /* LessGoUITests.xctest */;
			productType = "com.apple.product-type.bundle.ui-testing";
		};
/* End PBXNativeTarget section */

/* Begin PBXProject section */
		66A2FC182E486CFB00C2BC8E /* Project object */ = {
			isa = PBXProject;
			attributes = {
				BuildIndependentTargetsInParallel = 1;
				LastSwiftUpdateCheck = 1640;
				LastUpgradeCheck = 1640;
				TargetAttributes = {
					66A2FC1F2E486CFB00C2BC8E = {
						CreatedOnToolsVersion = 16.4;
					};
					66A2FC2C2E486CFB00C2BC8E = {
						CreatedOnToolsVersion = 16.4;
						TestTargetID = 66A2FC1F2E486CFB00C2BC8E;
					};
					66A2FC362E486CFB00C2BC8E = {
						CreatedOnToolsVersion = 16.4;
						TestTargetID = 66A2FC1F2E486CFB00C2BC8E;
					};
				};
			};
			buildConfigurationList = 66A2FC1B2E486CFB00C2BC8E /* Build configuration list for PBXProject "LessGo" */;
			developmentRegion = en;
			hasScannedForEncodings = 0;
			knownRegions = (
				en,
				Base,
			);
			mainGroup = 66A2FC172E486CFB00C2BC8E;
			minimizedProjectReferenceProxies = 1;
			preferredProjectObjectVersion = 77;
			productRefGroup = 66A2FC212E486CFB00C2BC8E /* Products */;
			projectDirPath = "";
			projectRoot = "";
			targets = (
				66A2FC1F2E486CFB00C2BC8E /* LessGo */,
				66A2FC2C2E486CFB00C2BC8E /* LessGoTests */,
				66A2FC362E486CFB00C2BC8E /* LessGoUITests */,
			);
		};
/* End PBXProject section */

/* Begin PBXResourcesBuildPhase section */
		66A2FC1E2E486CFB00C2BC8E /* Resources */ = {
			isa = PBXResourcesBuildPhase;
			buildActionMask = 2147483647;
			files = (
			);
			runOnlyForDeploymentPostprocessing = 0;
		};
		66A2FC2B2E486CFB00C2BC8E /* Resources */ = {
			isa = PBXResourcesBuildPhase;
			buildActionMask = 2147483647;
			files = (
			);
			runOnlyForDeploymentPostprocessing = 0;
		};
		66A2FC352E486CFB00C2BC8E /* Resources */ = {
			isa = PBXResourcesBuildPhase;
			buildActionMask = 2147483647;
			files = (
			);
			runOnlyForDeploymentPostprocessing = 0;
		};
/* End PBXResourcesBuildPhase section */

/* Begin PBXSourcesBuildPhase section */
		66A2FC1C2E486CFB00C2BC8E /* Sources */ = {
			isa = PBXSourcesBuildPhase;
			buildActionMask = 2147483647;
			files = (
			);
			runOnlyForDeploymentPostprocessing = 0;
		};
		66A2FC292E486CFB00C2BC8E /* Sources */ = {
			isa = PBXSourcesBuildPhase;
			buildActionMask = 2147483647;
			files = (
			);
			runOnlyForDeploymentPostprocessing = 0;
		};
		66A2FC332E486CFB00C2BC8E /* Sources */ = {
			isa = PBXSourcesBuildPhase;
			buildActionMask = 2147483647;
			files = (
			);
			runOnlyForDeploymentPostprocessing = 0;
		};
/* End PBXSourcesBuildPhase section */

/* Begin PBXTargetDependency section */
		66A2FC2F2E486CFB00C2BC8E /* PBXTargetDependency */ = {
			isa = PBXTargetDependency;
			target = 66A2FC1F2E486CFB00C2BC8E /* LessGo */;
			targetProxy = 66A2FC2E2E486CFB00C2BC8E /* PBXContainerItemProxy */;
		};
		66A2FC392E486CFB00C2BC8E /* PBXTargetDependency */ = {
			isa = PBXTargetDependency;
			target = 66A2FC1F2E486CFB00C2BC8E /* LessGo */;
			targetProxy = 66A2FC382E486CFB00C2BC8E /* PBXContainerItemProxy */;
		};
/* End PBXTargetDependency section */

/* Begin XCBuildConfiguration section */
		66A2FC3F2E486CFB00C2BC8E /* Debug */ = {
			isa = XCBuildConfiguration;
			buildSettings = {
				ALWAYS_SEARCH_USER_PATHS = NO;
				ASSETCATALOG_COMPILER_GENERATE_SWIFT_ASSET_SYMBOL_EXTENSIONS = YES;
				CLANG_ANALYZER_NONNULL = YES;
				CLANG_ANALYZER_NUMBER_OBJECT_CONVERSION = YES_AGGRESSIVE;
				CLANG_CXX_LANGUAGE_STANDARD = "gnu++20";
				CLANG_ENABLE_MODULES = YES;
				CLANG_ENABLE_OBJC_ARC = YES;
				CLANG_ENABLE_OBJC_WEAK = YES;
				CLANG_WARN_BLOCK_CAPTURE_AUTORELEASING = YES;
				CLANG_WARN_BOOL_CONVERSION = YES;
				CLANG_WARN_COMMA = YES;
				CLANG_WARN_CONSTANT_CONVERSION = YES;
				CLANG_WARN_DEPRECATED_OBJC_IMPLEMENTATIONS = YES;
				CLANG_WARN_DIRECT_OBJC_ISA_USAGE = YES_ERROR;
				CLANG_WARN_DOCUMENTATION_COMMENTS = YES;
				CLANG_WARN_EMPTY_BODY = YES;
				CLANG_WARN_ENUM_CONVERSION = YES;
				CLANG_WARN_INFINITE_RECURSION = YES;
				CLANG_WARN_INT_CONVERSION = YES;
				CLANG_WARN_NON_LITERAL_NULL_CONVERSION = YES;
				CLANG_WARN_OBJC_IMPLICIT_RETAIN_SELF = YES;
				CLANG_WARN_OBJC_LITERAL_CONVERSION = YES;
				CLANG_WARN_OBJC_ROOT_CLASS = YES_ERROR;
				CLANG_WARN_QUOTED_INCLUDE_IN_FRAMEWORK_HEADER = YES;
				CLANG_WARN_RANGE_LOOP_ANALYSIS = YES;
				CLANG_WARN_STRICT_PROTOTYPES = YES;
				CLANG_WARN_SUSPICIOUS_MOVE = YES;
				CLANG_WARN_UNGUARDED_AVAILABILITY = YES_AGGRESSIVE;
				CLANG_WARN_UNREACHABLE_CODE = YES;
				CLANG_WARN__DUPLICATE_METHOD_MATCH = YES;
				COPY_PHASE_STRIP = NO;
				DEBUG_INFORMATION_FORMAT = dwarf;
				ENABLE_STRICT_OBJC_MSGSEND = YES;
				ENABLE_TESTABILITY = YES;
				ENABLE_USER_SCRIPT_SANDBOXING = YES;
				GCC_C_LANGUAGE_STANDARD = gnu17;
				GCC_DYNAMIC_NO_PIC = NO;
				GCC_NO_COMMON_BLOCKS = YES;
				GCC_OPTIMIZATION_LEVEL = 0;
				GCC_PREPROCESSOR_DEFINITIONS = (
					"DEBUG=1",
					"$(inherited)",
				);
				GCC_WARN_64_TO_32_BIT_CONVERSION = YES;
				GCC_WARN_ABOUT_RETURN_TYPE = YES_ERROR;
				GCC_WARN_UNDECLARED_SELECTOR = YES;
				GCC_WARN_UNINITIALIZED_AUTOS = YES_AGGRESSIVE;
				GCC_WARN_UNUSED_FUNCTION = YES;
				GCC_WARN_UNUSED_VARIABLE = YES;
				IPHONEOS_DEPLOYMENT_TARGET = 18.5;
				LOCALIZATION_PREFERS_STRING_CATALOGS = YES;
				MTL_ENABLE_DEBUG_INFO = INCLUDE_SOURCE;
				MTL_FAST_MATH = YES;
				ONLY_ACTIVE_ARCH = YES;
				SDKROOT = iphoneos;
				SWIFT_ACTIVE_COMPILATION_CONDITIONS = "DEBUG $(inherited)";
				SWIFT_OPTIMIZATION_LEVEL = "-Onone";
			};
			name = Debug;
		};
		66A2FC402E486CFB00C2BC8E /* Release */ = {
			isa = XCBuildConfiguration;
			buildSettings = {
				ALWAYS_SEARCH_USER_PATHS = NO;
				ASSETCATALOG_COMPILER_GENERATE_SWIFT_ASSET_SYMBOL_EXTENSIONS = YES;
				CLANG_ANALYZER_NONNULL = YES;
				CLANG_ANALYZER_NUMBER_OBJECT_CONVERSION = YES_AGGRESSIVE;
				CLANG_CXX_LANGUAGE_STANDARD = "gnu++20";
				CLANG_ENABLE_MODULES = YES;
				CLANG_ENABLE_OBJC_ARC = YES;
				CLANG_ENABLE_OBJC_WEAK = YES;
				CLANG_WARN_BLOCK_CAPTURE_AUTORELEASING = YES;
				CLANG_WARN_BOOL_CONVERSION = YES;
				CLANG_WARN_COMMA = YES;
				CLANG_WARN_CONSTANT_CONVERSION = YES;
				CLANG_WARN_DEPRECATED_OBJC_IMPLEMENTATIONS = YES;
				CLANG_WARN_DIRECT_OBJC_ISA_USAGE = YES_ERROR;
				CLANG_WARN_DOCUMENTATION_COMMENTS = YES;
				CLANG_WARN_EMPTY_BODY = YES;
				CLANG_WARN_ENUM_CONVERSION = YES;
				CLANG_WARN_INFINITE_RECURSION = YES;
				CLANG_WARN_INT_CONVERSION = YES;
				CLANG_WARN_NON_LITERAL_NULL_CONVERSION = YES;
				CLANG_WARN_OBJC_IMPLICIT_RETAIN_SELF = YES;
				CLANG_WARN_OBJC_LITERAL_CONVERSION = YES;
				CLANG_WARN_OBJC_ROOT_CLASS = YES_ERROR;
				CLANG_WARN_QUOTED_INCLUDE_IN_FRAMEWORK_HEADER = YES;
				CLANG_WARN_RANGE_LOOP_ANALYSIS = YES;
				CLANG_WARN_STRICT_PROTOTYPES = YES;
				CLANG_WARN_SUSPICIOUS_MOVE = YES;
				CLANG_WARN_UNGUARDED_AVAILABILITY = YES_AGGRESSIVE;
				CLANG_WARN_UNREACHABLE_CODE = YES;
				CLANG_WARN__DUPLICATE_METHOD_MATCH = YES;
				COPY_PHASE_STRIP = NO;
				DEBUG_INFORMATION_FORMAT = "dwarf-with-dsym";
				ENABLE_NS_ASSERTIONS = NO;
				ENABLE_STRICT_OBJC_MSGSEND = YES;
				ENABLE_USER_SCRIPT_SANDBOXING = YES;
				GCC_C_LANGUAGE_STANDARD = gnu17;
				GCC_NO_COMMON_BLOCKS = YES;
				GCC_WARN_64_TO_32_BIT_CONVERSION = YES;
				GCC_WARN_ABOUT_RETURN_TYPE = YES_ERROR;
				GCC_WARN_UNDECLARED_SELECTOR = YES;
				GCC_WARN_UNINITIALIZED_AUTOS = YES_AGGRESSIVE;
				GCC_WARN_UNUSED_FUNCTION = YES;
				GCC_WARN_UNUSED_VARIABLE = YES;
				IPHONEOS_DEPLOYMENT_TARGET = 18.5;
				LOCALIZATION_PREFERS_STRING_CATALOGS = YES;
				MTL_ENABLE_DEBUG_INFO = NO;
				MTL_FAST_MATH = YES;
				SDKROOT = iphoneos;
				SWIFT_COMPILATION_MODE = wholemodule;
				VALIDATE_PRODUCT = YES;
			};
			name = Release;
		};
		66A2FC422E486CFB00C2BC8E /* Debug */ = {
			isa = XCBuildConfiguration;
			buildSettings = {
				ASSETCATALOG_COMPILER_APPICON_NAME = AppIcon;
				ASSETCATALOG_COMPILER_GLOBAL_ACCENT_COLOR_NAME = AccentColor;
				CODE_SIGN_STYLE = Automatic;
				CURRENT_PROJECT_VERSION = 1;
				ENABLE_PREVIEWS = YES;
				GENERATE_INFOPLIST_FILE = YES;
				INFOPLIST_KEY_UIApplicationSceneManifest_Generation = YES;
				INFOPLIST_KEY_UIApplicationSupportsIndirectInputEvents = YES;
				INFOPLIST_KEY_UILaunchScreen_Generation = YES;
				INFOPLIST_KEY_UISupportedInterfaceOrientations_iPad = "UIInterfaceOrientationPortrait UIInterfaceOrientationPortraitUpsideDown UIInterfaceOrientationLandscapeLeft UIInterfaceOrientationLandscapeRight";
				INFOPLIST_KEY_UISupportedInterfaceOrientations_iPhone = "UIInterfaceOrientationPortrait UIInterfaceOrientationLandscapeLeft UIInterfaceOrientationLandscapeRight";
				LD_RUNPATH_SEARCH_PATHS = (
					"$(inherited)",
					"@executable_path/Frameworks",
				);
				MARKETING_VERSION = 1.0;
				PRODUCT_BUNDLE_IDENTIFIER = com.ethan.LessGo;
				PRODUCT_NAME = "$(TARGET_NAME)";
				SWIFT_EMIT_LOC_STRINGS = YES;
				SWIFT_VERSION = 5.0;
				TARGETED_DEVICE_FAMILY = "1,2";
			};
			name = Debug;
		};
		66A2FC432E486CFB00C2BC8E /* Release */ = {
			isa = XCBuildConfiguration;
			buildSettings = {
				ASSETCATALOG_COMPILER_APPICON_NAME = AppIcon;
				ASSETCATALOG_COMPILER_GLOBAL_ACCENT_COLOR_NAME = AccentColor;
				CODE_SIGN_STYLE = Automatic;
				CURRENT_PROJECT_VERSION = 1;
				ENABLE_PREVIEWS = YES;
				GENERATE_INFOPLIST_FILE = YES;
				INFOPLIST_KEY_UIApplicationSceneManifest_Generation = YES;
				INFOPLIST_KEY_UIApplicationSupportsIndirectInputEvents = YES;
				INFOPLIST_KEY_UILaunchScreen_Generation = YES;
				INFOPLIST_KEY_UISupportedInterfaceOrientations_iPad = "UIInterfaceOrientationPortrait UIInterfaceOrientationPortraitUpsideDown UIInterfaceOrientationLandscapeLeft UIInterfaceOrientationLandscapeRight";
				INFOPLIST_KEY_UISupportedInterfaceOrientations_iPhone = "UIInterfaceOrientationPortrait UIInterfaceOrientationLandscapeLeft UIInterfaceOrientationLandscapeRight";
				LD_RUNPATH_SEARCH_PATHS = (
					"$(inherited)",
					"@executable_path/Frameworks",
				);
				MARKETING_VERSION = 1.0;
				PRODUCT_BUNDLE_IDENTIFIER = com.ethan.LessGo;
				PRODUCT_NAME = "$(TARGET_NAME)";
				SWIFT_EMIT_LOC_STRINGS = YES;
				SWIFT_VERSION = 5.0;
				TARGETED_DEVICE_FAMILY = "1,2";
			};
			name = Release;
		};
		66A2FC452E486CFB00C2BC8E /* Debug */ = {
			isa = XCBuildConfiguration;
			buildSettings = {
				BUNDLE_LOADER = "$(TEST_HOST)";
				CODE_SIGN_STYLE = Automatic;
				CURRENT_PROJECT_VERSION = 1;
				GENERATE_INFOPLIST_FILE = YES;
				IPHONEOS_DEPLOYMENT_TARGET = 18.5;
				MARKETING_VERSION = 1.0;
				PRODUCT_BUNDLE_IDENTIFIER = com.ethan.LessGoTests;
				PRODUCT_NAME = "$(TARGET_NAME)";
				SWIFT_EMIT_LOC_STRINGS = NO;
				SWIFT_VERSION = 5.0;
				TARGETED_DEVICE_FAMILY = "1,2";
				TEST_HOST = "$(BUILT_PRODUCTS_DIR)/LessGo.app/$(BUNDLE_EXECUTABLE_FOLDER_PATH)/LessGo";
			};
			name = Debug;
		};
		66A2FC462E486CFB00C2BC8E /* Release */ = {
			isa = XCBuildConfiguration;
			buildSettings = {
				BUNDLE_LOADER = "$(TEST_HOST)";
				CODE_SIGN_STYLE = Automatic;
				CURRENT_PROJECT_VERSION = 1;
				GENERATE_INFOPLIST_FILE = YES;
				IPHONEOS_DEPLOYMENT_TARGET = 18.5;
				MARKETING_VERSION = 1.0;
				PRODUCT_BUNDLE_IDENTIFIER = com.ethan.LessGoTests;
				PRODUCT_NAME = "$(TARGET_NAME)";
				SWIFT_EMIT_LOC_STRINGS = NO;
				SWIFT_VERSION = 5.0;
				TARGETED_DEVICE_FAMILY = "1,2";
				TEST_HOST = "$(BUILT_PRODUCTS_DIR)/LessGo.app/$(BUNDLE_EXECUTABLE_FOLDER_PATH)/LessGo";
			};
			name = Release;
		};
		66A2FC482E486CFB00C2BC8E /* Debug */ = {
			isa = XCBuildConfiguration;
			buildSettings = {
				CODE_SIGN_STYLE = Automatic;
				CURRENT_PROJECT_VERSION = 1;
				GENERATE_INFOPLIST_FILE = YES;
				MARKETING_VERSION = 1.0;
				PRODUCT_BUNDLE_IDENTIFIER = com.ethan.LessGoUITests;
				PRODUCT_NAME = "$(TARGET_NAME)";
				SWIFT_EMIT_LOC_STRINGS = NO;
				SWIFT_VERSION = 5.0;
				TARGETED_DEVICE_FAMILY = "1,2";
				TEST_TARGET_NAME = LessGo;
			};
			name = Debug;
		};
		66A2FC492E486CFB00C2BC8E /* Release */ = {
			isa = XCBuildConfiguration;
			buildSettings = {
				CODE_SIGN_STYLE = Automatic;
				CURRENT_PROJECT_VERSION = 1;
				GENERATE_INFOPLIST_FILE = YES;
				MARKETING_VERSION = 1.0;
				PRODUCT_BUNDLE_IDENTIFIER = com.ethan.LessGoUITests;
				PRODUCT_NAME = "$(TARGET_NAME)";
				SWIFT_EMIT_LOC_STRINGS = NO;
				SWIFT_VERSION = 5.0;
				TARGETED_DEVICE_FAMILY = "1,2";
				TEST_TARGET_NAME = LessGo;
			};
			name = Release;
		};
/* End XCBuildConfiguration section */

/* Begin XCConfigurationList section */
		66A2FC1B2E486CFB00C2BC8E /* Build configuration list for PBXProject "LessGo" */ = {
			isa = XCConfigurationList;
			buildConfigurations = (
				66A2FC3F2E486CFB00C2BC8E /* Debug */,
				66A2FC402E486CFB00C2BC8E /* Release */,
			);
			defaultConfigurationIsVisible = 0;
			defaultConfigurationName = Release;
		};
		66A2FC412E486CFB00C2BC8E /* Build configuration list for PBXNativeTarget "LessGo" */ = {
			isa = XCConfigurationList;
			buildConfigurations = (
				66A2FC422E486CFB00C2BC8E /* Debug */,
				66A2FC432E486CFB00C2BC8E /* Release */,
			);
			defaultConfigurationIsVisible = 0;
			defaultConfigurationName = Release;
		};
		66A2FC442E486CFB00C2BC8E /* Build configuration list for PBXNativeTarget "LessGoTests" */ = {
			isa = XCConfigurationList;
			buildConfigurations = (
				66A2FC452E486CFB00C2BC8E /* Debug */,
				66A2FC462E486CFB00C2BC8E /* Release */,
			);
			defaultConfigurationIsVisible = 0;
			defaultConfigurationName = Release;
		};
		66A2FC472E486CFB00C2BC8E /* Build configuration list for PBXNativeTarget "LessGoUITests" */ = {
			isa = XCConfigurationList;
			buildConfigurations = (
				66A2FC482E486CFB00C2BC8E /* Debug */,
				66A2FC492E486CFB00C2BC8E /* Release */,
			);
			defaultConfigurationIsVisible = 0;
			defaultConfigurationName = Release;
		};
/* End XCConfigurationList section */
	};
	rootObject = 66A2FC182E486CFB00C2BC8E /* Project object */;
}
